
Microsoft Visual Studio Solution File, Format Version 12.00
# Visual Studio 2012
Project("{FAE04EC0-301F-11D3-BF4B-00C04F79EFBC}") = "ElefantenTauschen", "ElefantenTauschen\ElefantenTauschen.csproj", "{622E1828-0534-4BA0-B92F-A6E09F180992}"
EndProject
Global
	GlobalSection(SolutionConfigurationPlatforms) = preSolution
		Debug|Any CPU = Debug|Any CPU
		Release|Any CPU = Release|Any CPU
	EndGlobalSection
	GlobalSection(ProjectConfigurationPlatforms) = postSolution
		{622E1828-0534-4BA0-B92F-A6E09F180992}.Debug|Any CPU.ActiveCfg = Debug|Any CPU
		{622E1828-0534-4BA0-B92F-A6E09F180992}.Debug|Any CPU.Build.0 = Debug|Any CPU
		{622E1828-0534-4BA0-B92F-A6E09F180992}.Release|Any CPU.ActiveCfg = Release|Any CPU
		{622E1828-0534-4BA0-B92F-A6E09F180992}.Release|Any CPU.Build.0 = Release|Any CPU
	EndGlobalSection
	GlobalSection(SolutionProperties) = preSolution
		HideSolutionNode = FALSE
	EndGlobalSection
EndGlobal
